
Microsoft Visual Studio Solution File, Format Version 12.00
# Visual Studio Version 17
VisualStudioVersion = 17.2.32630.192
MinimumVisualStudioVersion = 10.0.40219.1
Project("{9A19103F-16F7-4668-BE54-9A1E7A4F7556}") = "Operators", "Operators\Operators.csproj", "{D7C1A8B5-76C9-4A0F-8AAB-F22BC1E967CC}"
EndProject
Project("{9A19103F-16F7-4668-BE54-9A1E7A4F7556}") = "type-donusumleri", "type-donusumleri\type-donusumleri.csproj", "{CA88F416-DA6D-47DD-B8E6-BB138E8F270B}"
EndProject
Project("{9A19103F-16F7-4668-BE54-9A1E7A4F7556}") = "hata-yonetimi", "hata-yonetimi\hata-yonetimi.csproj", "{889F5AFC-6DA0-433E-9C4E-03E78EE680AC}"
EndProject
Project("{9A19103F-16F7-4668-BE54-9A1E7A4F7556}") = "karar-yapilari-if-else", "karar-yapilari-if-else\karar-yapilari-if-else.csproj", "{C5242E73-08F0-4F6B-B413-CEB7FBF0631F}"
EndProject
Project("{9A19103F-16F7-4668-BE54-9A1E7A4F7556}") = "karar-yapilari-switch-case", "karar-yapilari-switch-case\karar-yapilari-switch-case.csproj", "{7517ACDB-F874-49AD-AEA3-43117546C6CD}"
EndProject
Project("{9A19103F-16F7-4668-BE54-9A1E7A4F7556}") = "donguler-forLoop-Break-Continue", "donguler-forLoop-Break-Continue\donguler-forLoop-Break-Continue.csproj", "{1DC19099-FB92-4424-B532-D4CA8C37E977}"
EndProject
Project("{9A19103F-16F7-4668-BE54-9A1E7A4F7556}") = "donguler-while-foreach", "donguler-while-foreach\donguler-while-foreach.csproj", "{4252EEE5-E2A5-4A1C-8D85-69331D2ED9B0}"
EndProject
Project("{9A19103F-16F7-4668-BE54-9A1E7A4F7556}") = "diziler1-tanimlama-erisim-dongulerle-dizi-kullanimi", "diziler1-tanimlama-erisim-dongulerle-dizi-kullanimi\diziler1-tanimlama-erisim-dongulerle-dizi-kullanimi.csproj", "{33890674-0442-400A-A9B3-8EBC78FC3D7E}"
EndProject
Project("{9A19103F-16F7-4668-BE54-9A1E7A4F7556}") = "diziler2-array-sinifi-metotlari", "diziler2-array-sinifi-metotlari\diziler2-array-sinifi-metotlari.csproj", "{AA168A9B-5E70-413C-A3DD-6F71F58D834A}"
EndProject
Project("{9A19103F-16F7-4668-BE54-9A1E7A4F7556}") = "metotlar", "metotlar\metotlar.csproj", "{3921846C-1AC1-4497-BE43-6A31BAE429D7}"
EndProject
Project("{9A19103F-16F7-4668-BE54-9A1E7A4F7556}") = "metotlar2-metot-overloading", "metotlar2-metot-overloading\metotlar2-metot-overloading.csproj", "{91E2825E-6E0C-40F9-9AC2-B99D46AB5142}"
EndProject
Project("{9A19103F-16F7-4668-BE54-9A1E7A4F7556}") = "metotlar3-recursive-extension-metotlar", "metotlar3-recursive-extension-metotlar\metotlar3-recursive-extension-metotlar.csproj", "{E98519CB-AB0B-45A4-AF76-4F9776EEE5EB}"
EndProject
Project("{9A19103F-16F7-4668-BE54-9A1E7A4F7556}") = "Odev1-Algoritma-Sorunlari", "Odev1-Algoritma-Sorunlari\Odev1-Algoritma-Sorunlari.csproj", "{67272B26-6EE2-44C2-B168-C62E7C2A0094}"
EndProject
Project("{9A19103F-16F7-4668-BE54-9A1E7A4F7556}") = "AlgoritmaSorular", "AlgoritmaSorular\AlgoritmaSorular.csproj", "{53295290-5B80-480F-800F-01014F48B5E9}"
EndProject
Project("{9A19103F-16F7-4668-BE54-9A1E7A4F7556}") = "StringMetotlar", "StringMetotlar\StringMetotlar.csproj", "{5829B377-EAE0-4856-B233-FDA52B299C62}"
EndProject
Project("{9A19103F-16F7-4668-BE54-9A1E7A4F7556}") = "DateTimeMath", "DateTimeMath\DateTimeMath.csproj", "{55ECC3A1-29AF-49D3-96CA-E0C76E43BC4C}"
EndProject
Project("{9A19103F-16F7-4668-BE54-9A1E7A4F7556}") = "GenericKoleksiyonlarList", "GenericKoleksiyonlarList\GenericKoleksiyonlarList.csproj", "{9F42171D-80FB-440B-B755-4305E12F7835}"
EndProject
Project("{9A19103F-16F7-4668-BE54-9A1E7A4F7556}") = "KoleksiyonlarArrayList", "KoleksiyonlarArrayList\KoleksiyonlarArrayList.csproj", "{EA562AB1-3719-499A-BF79-E43F8FF32C7B}"
EndProject
Project("{9A19103F-16F7-4668-BE54-9A1E7A4F7556}") = "Dictionary", "Dictionary\Dictionary.csproj", "{AF9FD53D-A48A-4D7B-93EB-6EA8373DD388}"
EndProject
Project("{2150E333-8FDC-42A3-9474-1A3956D46DE8}") = "KoleksiyonlarOdev2", "KoleksiyonlarOdev2", "{8A398877-6A72-4F45-8DCD-CE3BD46298FD}"
EndProject
Project("{9A19103F-16F7-4668-BE54-9A1E7A4F7556}") = "Soru1", "Soru1\Soru1.csproj", "{4C0DE090-F48D-4007-8631-6E4591A04E62}"
EndProject
Project("{9A19103F-16F7-4668-BE54-9A1E7A4F7556}") = "AsalSayi", "AsalSayi\AsalSayi.csproj", "{C56BAC50-FBFF-43B0-B9DF-E3575039F665}"
EndProject
Project("{9A19103F-16F7-4668-BE54-9A1E7A4F7556}") = "Diziler", "Diziler\Diziler.csproj", "{87FA1785-6AF4-4016-AD3E-918D55A4565F}"
EndProject
Project("{9A19103F-16F7-4668-BE54-9A1E7A4F7556}") = "ArraySinifi", "ArraySinifi\ArraySinifi.csproj", "{4323536D-09AC-48F7-A9A3-9D3BF1F8094D}"
EndProject
Project("{9A19103F-16F7-4668-BE54-9A1E7A4F7556}") = "trycatch", "trycatch\trycatch.csproj", "{E3D05877-024D-48AD-B3BA-C4E698E569A4}"
EndProject
Project("{FAE04EC0-301F-11D3-BF4B-00C04F79EFBC}") = "Soru2", "Soru2\Soru2.csproj", "{DA626834-51BE-4F3C-AF82-726C1FCAF045}"
EndProject
Project("{FAE04EC0-301F-11D3-BF4B-00C04F79EFBC}") = "Soru3", "Soru3\Soru3.csproj", "{0205BFEA-7D16-4CFF-AA0D-95259AA89032}"
EndProject
Project("{FAE04EC0-301F-11D3-BF4B-00C04F79EFBC}") = "SinifKavrami", "SinifKavrami\SinifKavrami.csproj", "{1BCFCA87-5E6D-4E30-9917-DBEEE0BF66B4}"
EndProject
Project("{FAE04EC0-301F-11D3-BF4B-00C04F79EFBC}") = "KurucuMetotlar", "KurucuMetotlar\KurucuMetotlar.csproj", "{D0A1DA23-2EF7-4AB9-8506-A500105C2946}"
EndProject
Global
	GlobalSection(SolutionConfigurationPlatforms) = preSolution
		Debug|Any CPU = Debug|Any CPU
		Release|Any CPU = Release|Any CPU
	EndGlobalSection
	GlobalSection(ProjectConfigurationPlatforms) = postSolution
		{D7C1A8B5-76C9-4A0F-8AAB-F22BC1E967CC}.Debug|Any CPU.ActiveCfg = Debug|Any CPU
		{D7C1A8B5-76C9-4A0F-8AAB-F22BC1E967CC}.Debug|Any CPU.Build.0 = Debug|Any CPU
		{D7C1A8B5-76C9-4A0F-8AAB-F22BC1E967CC}.Release|Any CPU.ActiveCfg = Release|Any CPU
		{D7C1A8B5-76C9-4A0F-8AAB-F22BC1E967CC}.Release|Any CPU.Build.0 = Release|Any CPU
		{CA88F416-DA6D-47DD-B8E6-BB138E8F270B}.Debug|Any CPU.ActiveCfg = Debug|Any CPU
		{CA88F416-DA6D-47DD-B8E6-BB138E8F270B}.Debug|Any CPU.Build.0 = Debug|Any CPU
		{CA88F416-DA6D-47DD-B8E6-BB138E8F270B}.Release|Any CPU.ActiveCfg = Release|Any CPU
		{CA88F416-DA6D-47DD-B8E6-BB138E8F270B}.Release|Any CPU.Build.0 = Release|Any CPU
		{889F5AFC-6DA0-433E-9C4E-03E78EE680AC}.Debug|Any CPU.ActiveCfg = Debug|Any CPU
		{889F5AFC-6DA0-433E-9C4E-03E78EE680AC}.Debug|Any CPU.Build.0 = Debug|Any CPU
		{889F5AFC-6DA0-433E-9C4E-03E78EE680AC}.Release|Any CPU.ActiveCfg = Release|Any CPU
		{889F5AFC-6DA0-433E-9C4E-03E78EE680AC}.Release|Any CPU.Build.0 = Release|Any CPU
		{C5242E73-08F0-4F6B-B413-CEB7FBF0631F}.Debug|Any CPU.ActiveCfg = Debug|Any CPU
		{C5242E73-08F0-4F6B-B413-CEB7FBF0631F}.Debug|Any CPU.Build.0 = Debug|Any CPU
		{C5242E73-08F0-4F6B-B413-CEB7FBF0631F}.Release|Any CPU.ActiveCfg = Release|Any CPU
		{C5242E73-08F0-4F6B-B413-CEB7FBF0631F}.Release|Any CPU.Build.0 = Release|Any CPU
		{7517ACDB-F874-49AD-AEA3-43117546C6CD}.Debug|Any CPU.ActiveCfg = Debug|Any CPU
		{7517ACDB-F874-49AD-AEA3-43117546C6CD}.Debug|Any CPU.Build.0 = Debug|Any CPU
		{7517ACDB-F874-49AD-AEA3-43117546C6CD}.Release|Any CPU.ActiveCfg = Release|Any CPU
		{7517ACDB-F874-49AD-AEA3-43117546C6CD}.Release|Any CPU.Build.0 = Release|Any CPU
		{1DC19099-FB92-4424-B532-D4CA8C37E977}.Debug|Any CPU.ActiveCfg = Debug|Any CPU
		{1DC19099-FB92-4424-B532-D4CA8C37E977}.Debug|Any CPU.Build.0 = Debug|Any CPU
		{1DC19099-FB92-4424-B532-D4CA8C37E977}.Release|Any CPU.ActiveCfg = Release|Any CPU
		{1DC19099-FB92-4424-B532-D4CA8C37E977}.Release|Any CPU.Build.0 = Release|Any CPU
		{4252EEE5-E2A5-4A1C-8D85-69331D2ED9B0}.Debug|Any CPU.ActiveCfg = Debug|Any CPU
		{4252EEE5-E2A5-4A1C-8D85-69331D2ED9B0}.Debug|Any CPU.Build.0 = Debug|Any CPU
		{4252EEE5-E2A5-4A1C-8D85-69331D2ED9B0}.Release|Any CPU.ActiveCfg = Release|Any CPU
		{4252EEE5-E2A5-4A1C-8D85-69331D2ED9B0}.Release|Any CPU.Build.0 = Release|Any CPU
		{33890674-0442-400A-A9B3-8EBC78FC3D7E}.Debug|Any CPU.ActiveCfg = Debug|Any CPU
		{33890674-0442-400A-A9B3-8EBC78FC3D7E}.Debug|Any CPU.Build.0 = Debug|Any CPU
		{33890674-0442-400A-A9B3-8EBC78FC3D7E}.Release|Any CPU.ActiveCfg = Release|Any CPU
		{33890674-0442-400A-A9B3-8EBC78FC3D7E}.Release|Any CPU.Build.0 = Release|Any CPU
		{AA168A9B-5E70-413C-A3DD-6F71F58D834A}.Debug|Any CPU.ActiveCfg = Debug|Any CPU
		{AA168A9B-5E70-413C-A3DD-6F71F58D834A}.Debug|Any CPU.Build.0 = Debug|Any CPU
		{AA168A9B-5E70-413C-A3DD-6F71F58D834A}.Release|Any CPU.ActiveCfg = Release|Any CPU
		{AA168A9B-5E70-413C-A3DD-6F71F58D834A}.Release|Any CPU.Build.0 = Release|Any CPU
		{3921846C-1AC1-4497-BE43-6A31BAE429D7}.Debug|Any CPU.ActiveCfg = Debug|Any CPU
		{3921846C-1AC1-4497-BE43-6A31BAE429D7}.Debug|Any CPU.Build.0 = Debug|Any CPU
		{3921846C-1AC1-4497-BE43-6A31BAE429D7}.Release|Any CPU.ActiveCfg = Release|Any CPU
		{3921846C-1AC1-4497-BE43-6A31BAE429D7}.Release|Any CPU.Build.0 = Release|Any CPU
		{91E2825E-6E0C-40F9-9AC2-B99D46AB5142}.Debug|Any CPU.ActiveCfg = Debug|Any CPU
		{91E2825E-6E0C-40F9-9AC2-B99D46AB5142}.Debug|Any CPU.Build.0 = Debug|Any CPU
		{91E2825E-6E0C-40F9-9AC2-B99D46AB5142}.Release|Any CPU.ActiveCfg = Release|Any CPU
		{91E2825E-6E0C-40F9-9AC2-B99D46AB5142}.Release|Any CPU.Build.0 = Release|Any CPU
		{E98519CB-AB0B-45A4-AF76-4F9776EEE5EB}.Debug|Any CPU.ActiveCfg = Debug|Any CPU
		{E98519CB-AB0B-45A4-AF76-4F9776EEE5EB}.Debug|Any CPU.Build.0 = Debug|Any CPU
		{E98519CB-AB0B-45A4-AF76-4F9776EEE5EB}.Release|Any CPU.ActiveCfg = Release|Any CPU
		{E98519CB-AB0B-45A4-AF76-4F9776EEE5EB}.Release|Any CPU.Build.0 = Release|Any CPU
		{67272B26-6EE2-44C2-B168-C62E7C2A0094}.Debug|Any CPU.ActiveCfg = Debug|Any CPU
		{67272B26-6EE2-44C2-B168-C62E7C2A0094}.Debug|Any CPU.Build.0 = Debug|Any CPU
		{67272B26-6EE2-44C2-B168-C62E7C2A0094}.Release|Any CPU.ActiveCfg = Release|Any CPU
		{67272B26-6EE2-44C2-B168-C62E7C2A0094}.Release|Any CPU.Build.0 = Release|Any CPU
		{53295290-5B80-480F-800F-01014F48B5E9}.Debug|Any CPU.ActiveCfg = Debug|Any CPU
		{53295290-5B80-480F-800F-01014F48B5E9}.Debug|Any CPU.Build.0 = Debug|Any CPU
		{53295290-5B80-480F-800F-01014F48B5E9}.Release|Any CPU.ActiveCfg = Release|Any CPU
		{53295290-5B80-480F-800F-01014F48B5E9}.Release|Any CPU.Build.0 = Release|Any CPU
		{5829B377-EAE0-4856-B233-FDA52B299C62}.Debug|Any CPU.ActiveCfg = Debug|Any CPU
		{5829B377-EAE0-4856-B233-FDA52B299C62}.Debug|Any CPU.Build.0 = Debug|Any CPU
		{5829B377-EAE0-4856-B233-FDA52B299C62}.Release|Any CPU.ActiveCfg = Release|Any CPU
		{5829B377-EAE0-4856-B233-FDA52B299C62}.Release|Any CPU.Build.0 = Release|Any CPU
		{55ECC3A1-29AF-49D3-96CA-E0C76E43BC4C}.Debug|Any CPU.ActiveCfg = Debug|Any CPU
		{55ECC3A1-29AF-49D3-96CA-E0C76E43BC4C}.Debug|Any CPU.Build.0 = Debug|Any CPU
		{55ECC3A1-29AF-49D3-96CA-E0C76E43BC4C}.Release|Any CPU.ActiveCfg = Release|Any CPU
		{55ECC3A1-29AF-49D3-96CA-E0C76E43BC4C}.Release|Any CPU.Build.0 = Release|Any CPU
		{9F42171D-80FB-440B-B755-4305E12F7835}.Debug|Any CPU.ActiveCfg = Debug|Any CPU
		{9F42171D-80FB-440B-B755-4305E12F7835}.Debug|Any CPU.Build.0 = Debug|Any CPU
		{9F42171D-80FB-440B-B755-4305E12F7835}.Release|Any CPU.ActiveCfg = Release|Any CPU
		{9F42171D-80FB-440B-B755-4305E12F7835}.Release|Any CPU.Build.0 = Release|Any CPU
		{EA562AB1-3719-499A-BF79-E43F8FF32C7B}.Debug|Any CPU.ActiveCfg = Debug|Any CPU
		{EA562AB1-3719-499A-BF79-E43F8FF32C7B}.Debug|Any CPU.Build.0 = Debug|Any CPU
		{EA562AB1-3719-499A-BF79-E43F8FF32C7B}.Release|Any CPU.ActiveCfg = Release|Any CPU
		{EA562AB1-3719-499A-BF79-E43F8FF32C7B}.Release|Any CPU.Build.0 = Release|Any CPU
		{AF9FD53D-A48A-4D7B-93EB-6EA8373DD388}.Debug|Any CPU.ActiveCfg = Debug|Any CPU
		{AF9FD53D-A48A-4D7B-93EB-6EA8373DD388}.Debug|Any CPU.Build.0 = Debug|Any CPU
		{AF9FD53D-A48A-4D7B-93EB-6EA8373DD388}.Release|Any CPU.ActiveCfg = Release|Any CPU
		{AF9FD53D-A48A-4D7B-93EB-6EA8373DD388}.Release|Any CPU.Build.0 = Release|Any CPU
		{4C0DE090-F48D-4007-8631-6E4591A04E62}.Debug|Any CPU.ActiveCfg = Debug|Any CPU
		{4C0DE090-F48D-4007-8631-6E4591A04E62}.Debug|Any CPU.Build.0 = Debug|Any CPU
		{4C0DE090-F48D-4007-8631-6E4591A04E62}.Release|Any CPU.ActiveCfg = Release|Any CPU
		{4C0DE090-F48D-4007-8631-6E4591A04E62}.Release|Any CPU.Build.0 = Release|Any CPU
		{C56BAC50-FBFF-43B0-B9DF-E3575039F665}.Debug|Any CPU.ActiveCfg = Debug|Any CPU
		{C56BAC50-FBFF-43B0-B9DF-E3575039F665}.Debug|Any CPU.Build.0 = Debug|Any CPU
		{C56BAC50-FBFF-43B0-B9DF-E3575039F665}.Release|Any CPU.ActiveCfg = Release|Any CPU
		{C56BAC50-FBFF-43B0-B9DF-E3575039F665}.Release|Any CPU.Build.0 = Release|Any CPU
		{87FA1785-6AF4-4016-AD3E-918D55A4565F}.Debug|Any CPU.ActiveCfg = Debug|Any CPU
		{87FA1785-6AF4-4016-AD3E-918D55A4565F}.Debug|Any CPU.Build.0 = Debug|Any CPU
		{87FA1785-6AF4-4016-AD3E-918D55A4565F}.Release|Any CPU.ActiveCfg = Release|Any CPU
		{87FA1785-6AF4-4016-AD3E-918D55A4565F}.Release|Any CPU.Build.0 = Release|Any CPU
		{4323536D-09AC-48F7-A9A3-9D3BF1F8094D}.Debug|Any CPU.ActiveCfg = Debug|Any CPU
		{4323536D-09AC-48F7-A9A3-9D3BF1F8094D}.Debug|Any CPU.Build.0 = Debug|Any CPU
		{4323536D-09AC-48F7-A9A3-9D3BF1F8094D}.Release|Any CPU.ActiveCfg = Release|Any CPU
		{4323536D-09AC-48F7-A9A3-9D3BF1F8094D}.Release|Any CPU.Build.0 = Release|Any CPU
		{E3D05877-024D-48AD-B3BA-C4E698E569A4}.Debug|Any CPU.ActiveCfg = Debug|Any CPU
		{E3D05877-024D-48AD-B3BA-C4E698E569A4}.Debug|Any CPU.Build.0 = Debug|Any CPU
		{E3D05877-024D-48AD-B3BA-C4E698E569A4}.Release|Any CPU.ActiveCfg = Release|Any CPU
		{E3D05877-024D-48AD-B3BA-C4E698E569A4}.Release|Any CPU.Build.0 = Release|Any CPU
		{DA626834-51BE-4F3C-AF82-726C1FCAF045}.Debug|Any CPU.ActiveCfg = Debug|Any CPU
		{DA626834-51BE-4F3C-AF82-726C1FCAF045}.Debug|Any CPU.Build.0 = Debug|Any CPU
		{DA626834-51BE-4F3C-AF82-726C1FCAF045}.Release|Any CPU.ActiveCfg = Release|Any CPU
		{DA626834-51BE-4F3C-AF82-726C1FCAF045}.Release|Any CPU.Build.0 = Release|Any CPU
		{0205BFEA-7D16-4CFF-AA0D-95259AA89032}.Debug|Any CPU.ActiveCfg = Debug|Any CPU
		{0205BFEA-7D16-4CFF-AA0D-95259AA89032}.Debug|Any CPU.Build.0 = Debug|Any CPU
		{0205BFEA-7D16-4CFF-AA0D-95259AA89032}.Release|Any CPU.ActiveCfg = Release|Any CPU
		{0205BFEA-7D16-4CFF-AA0D-95259AA89032}.Release|Any CPU.Build.0 = Release|Any CPU
		{1BCFCA87-5E6D-4E30-9917-DBEEE0BF66B4}.Debug|Any CPU.ActiveCfg = Debug|Any CPU
		{1BCFCA87-5E6D-4E30-9917-DBEEE0BF66B4}.Debug|Any CPU.Build.0 = Debug|Any CPU
		{1BCFCA87-5E6D-4E30-9917-DBEEE0BF66B4}.Release|Any CPU.ActiveCfg = Release|Any CPU
		{1BCFCA87-5E6D-4E30-9917-DBEEE0BF66B4}.Release|Any CPU.Build.0 = Release|Any CPU
		{D0A1DA23-2EF7-4AB9-8506-A500105C2946}.Debug|Any CPU.ActiveCfg = Debug|Any CPU
		{D0A1DA23-2EF7-4AB9-8506-A500105C2946}.Debug|Any CPU.Build.0 = Debug|Any CPU
		{D0A1DA23-2EF7-4AB9-8506-A500105C2946}.Release|Any CPU.ActiveCfg = Release|Any CPU
		{D0A1DA23-2EF7-4AB9-8506-A500105C2946}.Release|Any CPU.Build.0 = Release|Any CPU
	EndGlobalSection
	GlobalSection(SolutionProperties) = preSolution
		HideSolutionNode = FALSE
	EndGlobalSection
	GlobalSection(NestedProjects) = preSolution
		{4C0DE090-F48D-4007-8631-6E4591A04E62} = {8A398877-6A72-4F45-8DCD-CE3BD46298FD}
		{E3D05877-024D-48AD-B3BA-C4E698E569A4} = {8A398877-6A72-4F45-8DCD-CE3BD46298FD}
		{DA626834-51BE-4F3C-AF82-726C1FCAF045} = {8A398877-6A72-4F45-8DCD-CE3BD46298FD}
		{0205BFEA-7D16-4CFF-AA0D-95259AA89032} = {8A398877-6A72-4F45-8DCD-CE3BD46298FD}
	EndGlobalSection
	GlobalSection(ExtensibilityGlobals) = postSolution
		SolutionGuid = {0F9483A8-2C6B-4B1B-9720-EE5DA17354A3}
	EndGlobalSection
EndGlobal
